
Microsoft Visual Studio Solution File, Format Version 12.00
# Visual Studio Version 17
VisualStudioVersion = 17.1.32407.343
MinimumVisualStudioVersion = 10.0.40219.1
Project("{9A19103F-16F7-4668-BE54-9A1E7A4F7556}") = "Chat2022", "Chat2022\Chat2022.csproj", "{449EF638-7C0E-4966-8241-0E07040C1A36}"
EndProject
Project("{9A19103F-16F7-4668-BE54-9A1E7A4F7556}") = "ChatExtensions", "ChatExtensions\ChatExtensions.csproj", "{E17864E8-0804-4077-8075-E7F43C8EB245}"
EndProject
Project("{FAE04EC0-301F-11D3-BF4B-00C04F79EFBC}") = "ChatClient", "ChatClient\ChatClient.csproj", "{7CFA9E5A-489E-47B4-957A-EF48BECCD866}"
EndProject
Global
	GlobalSection(SolutionConfigurationPlatforms) = preSolution
		Debug|Any CPU = Debug|Any CPU
		Release|Any CPU = Release|Any CPU
	EndGlobalSection
	GlobalSection(ProjectConfigurationPlatforms) = postSolution
		{449EF638-7C0E-4966-8241-0E07040C1A36}.Debug|Any CPU.ActiveCfg = Debug|Any CPU
		{449EF638-7C0E-4966-8241-0E07040C1A36}.Debug|Any CPU.Build.0 = Debug|Any CPU
		{449EF638-7C0E-4966-8241-0E07040C1A36}.Release|Any CPU.ActiveCfg = Release|Any CPU
		{449EF638-7C0E-4966-8241-0E07040C1A36}.Release|Any CPU.Build.0 = Release|Any CPU
		{E17864E8-0804-4077-8075-E7F43C8EB245}.Debug|Any CPU.ActiveCfg = Debug|Any CPU
		{E17864E8-0804-4077-8075-E7F43C8EB245}.Debug|Any CPU.Build.0 = Debug|Any CPU
		{E17864E8-0804-4077-8075-E7F43C8EB245}.Release|Any CPU.ActiveCfg = Release|Any CPU
		{E17864E8-0804-4077-8075-E7F43C8EB245}.Release|Any CPU.Build.0 = Release|Any CPU
		{7CFA9E5A-489E-47B4-957A-EF48BECCD866}.Debug|Any CPU.ActiveCfg = Debug|Any CPU
		{7CFA9E5A-489E-47B4-957A-EF48BECCD866}.Debug|Any CPU.Build.0 = Debug|Any CPU
		{7CFA9E5A-489E-47B4-957A-EF48BECCD866}.Release|Any CPU.ActiveCfg = Release|Any CPU
		{7CFA9E5A-489E-47B4-957A-EF48BECCD866}.Release|Any CPU.Build.0 = Release|Any CPU
	EndGlobalSection
	GlobalSection(SolutionProperties) = preSolution
		HideSolutionNode = FALSE
	EndGlobalSection
	GlobalSection(ExtensibilityGlobals) = postSolution
		SolutionGuid = {479189EB-59AE-4795-AB33-1D4B905FBA02}
	EndGlobalSection
EndGlobal
